
Microsoft Visual Studio Solution File, Format Version 12.00
# Visual Studio Version 17
VisualStudioVersion = 17.13.35825.156 d17.13
MinimumVisualStudioVersion = 10.0.40219.1
Project("{FAE04EC0-301F-11D3-BF4B-00C04F79EFBC}") = "PocSII.DteBusinessRules", "PocSII.DteBusinessRules\PocSII.DteBusinessRules.csproj", "{3212ECFA-2047-4A53-98F9-513C1B5CB8CC}"
EndProject
Project("{FAE04EC0-301F-11D3-BF4B-00C04F79EFBC}") = "PocSII.DteBusinessRules.UnitTest", "PocSII.DteBusinessRules.UnitTest\PocSII.DteBusinessRules.UnitTest.csproj", "{8CDAC449-222D-41CA-9D09-379376108829}"
EndProject
Global
	GlobalSection(SolutionConfigurationPlatforms) = preSolution
		Debug|Any CPU = Debug|Any CPU
		Release|Any CPU = Release|Any CPU
	EndGlobalSection
	GlobalSection(ProjectConfigurationPlatforms) = postSolution
		{3212ECFA-2047-4A53-98F9-513C1B5CB8CC}.Debug|Any CPU.ActiveCfg = Debug|Any CPU
		{3212ECFA-2047-4A53-98F9-513C1B5CB8CC}.Debug|Any CPU.Build.0 = Debug|Any CPU
		{3212ECFA-2047-4A53-98F9-513C1B5CB8CC}.Release|Any CPU.ActiveCfg = Release|Any CPU
		{3212ECFA-2047-4A53-98F9-513C1B5CB8CC}.Release|Any CPU.Build.0 = Release|Any CPU
		{8CDAC449-222D-41CA-9D09-379376108829}.Debug|Any CPU.ActiveCfg = Debug|Any CPU
		{8CDAC449-222D-41CA-9D09-379376108829}.Debug|Any CPU.Build.0 = Debug|Any CPU
		{8CDAC449-222D-41CA-9D09-379376108829}.Release|Any CPU.ActiveCfg = Release|Any CPU
		{8CDAC449-222D-41CA-9D09-379376108829}.Release|Any CPU.Build.0 = Release|Any CPU
	EndGlobalSection
	GlobalSection(SolutionProperties) = preSolution
		HideSolutionNode = FALSE
	EndGlobalSection
	GlobalSection(ExtensibilityGlobals) = postSolution
		SolutionGuid = {F0CFC794-E346-4C9F-B545-5F02576713BA}
	EndGlobalSection
EndGlobal
