
Microsoft Visual Studio Solution File, Format Version 12.00
# Visual Studio Version 17
VisualStudioVersion = 17.13.35825.156
MinimumVisualStudioVersion = 10.0.40219.1
Project("{FAE04EC0-301F-11D3-BF4B-00C04F79EFBC}") = "PocSII.DteProcessor", "PocSII.DteSender\PocSII.DteProcessor.csproj", "{71C0449E-BDE6-4D2C-9821-18EB3716B083}"
EndProject
Project("{FAE04EC0-301F-11D3-BF4B-00C04F79EFBC}") = "PocSII.DteSender.UnitTest", "PocSII.DteSender.UnitTest\PocSII.DteSender.UnitTest.csproj", "{4E1EE821-25BA-4642-9FE0-C0BEF7040739}"
EndProject
Global
	GlobalSection(SolutionConfigurationPlatforms) = preSolution
		Debug|Any CPU = Debug|Any CPU
		Release|Any CPU = Release|Any CPU
	EndGlobalSection
	GlobalSection(ProjectConfigurationPlatforms) = postSolution
		{71C0449E-BDE6-4D2C-9821-18EB3716B083}.Debug|Any CPU.ActiveCfg = Debug|Any CPU
		{71C0449E-BDE6-4D2C-9821-18EB3716B083}.Debug|Any CPU.Build.0 = Debug|Any CPU
		{71C0449E-BDE6-4D2C-9821-18EB3716B083}.Release|Any CPU.ActiveCfg = Release|Any CPU
		{71C0449E-BDE6-4D2C-9821-18EB3716B083}.Release|Any CPU.Build.0 = Release|Any CPU
		{4E1EE821-25BA-4642-9FE0-C0BEF7040739}.Debug|Any CPU.ActiveCfg = Debug|Any CPU
		{4E1EE821-25BA-4642-9FE0-C0BEF7040739}.Debug|Any CPU.Build.0 = Debug|Any CPU
		{4E1EE821-25BA-4642-9FE0-C0BEF7040739}.Release|Any CPU.ActiveCfg = Release|Any CPU
		{4E1EE821-25BA-4642-9FE0-C0BEF7040739}.Release|Any CPU.Build.0 = Release|Any CPU
	EndGlobalSection
	GlobalSection(SolutionProperties) = preSolution
		HideSolutionNode = FALSE
	EndGlobalSection
	GlobalSection(ExtensibilityGlobals) = postSolution
		SolutionGuid = {16CF5B3F-5D5D-49C3-8D3A-D2A86456CD75}
	EndGlobalSection
EndGlobal
